// !$*UTF8*$!
{
	archiveVersion = 1;
	classes = {
	};
	objectVersion = 46;
	objects = {

/* Begin PBXBuildFile section */
		C82D8B3014B0A6E6000C0E24 /* Foundation.framework in Frameworks */ = {isa = PBXBuildFile; fileRef = C82D8B2F14B0A6E6000C0E24 /* Foundation.framework */; };
		C8CA1FBE14AF298D007E717D /* InfoPlist.strings in Resources */ = {isa = PBXBuildFile; fileRef = C8CA1FBC14AF298D007E717D /* InfoPlist.strings */; };
		C8CA1FCE14AF2A0C007E717D /* MetroLyrics.m in Sources */ = {isa = PBXBuildFile; fileRef = C8CA1FCD14AF2A0C007E717D /* MetroLyrics.m */; };
		C8D55CAF15035ABE008E1AA9 /* NSMutableString+LyricsFetching.m in Sources */ = {isa = PBXBuildFile; fileRef = C8D55CAC15035ABE008E1AA9 /* NSMutableString+LyricsFetching.m */; };
		C8D55CB015035ABE008E1AA9 /* NSString+NumericCharacterReference.m in Sources */ = {isa = PBXBuildFile; fileRef = C8D55CAE15035ABE008E1AA9 /* NSString+NumericCharacterReference.m */; };
/* End PBXBuildFile section */

/* Begin PBXFileReference section */
		C82D8B2F14B0A6E6000C0E24 /* Foundation.framework */ = {isa = PBXFileReference; lastKnownFileType = wrapper.framework; name = Foundation.framework; path = System/Library/Frameworks/Foundation.framework; sourceTree = SDKROOT; };
		C8CA1FB414AF298D007E717D /* MetroLyrics.bundle */ = {isa = PBXFileReference; explicitFileType = wrapper.cfbundle; includeInIndex = 0; path = MetroLyrics.bundle; sourceTree = BUILT_PRODUCTS_DIR; };
		C8CA1FBB14AF298D007E717D /* MetroLyrics-Info.plist */ = {isa = PBXFileReference; lastKnownFileType = text.plist.xml; path = "MetroLyrics-Info.plist"; sourceTree = "<group>"; };
		C8CA1FBD14AF298D007E717D /* en */ = {isa = PBXFileReference; lastKnownFileType = text.plist.strings; name = en; path = en.lproj/InfoPlist.strings; sourceTree = "<group>"; };
		C8CA1FBF14AF298D007E717D /* MetroLyrics-Prefix.pch */ = {isa = PBXFileReference; lastKnownFileType = sourcecode.c.h; path = "MetroLyrics-Prefix.pch"; sourceTree = "<group>"; };
		C8CA1FCC14AF2A0C007E717D /* MetroLyrics.h */ = {isa = PBXFileReference; fileEncoding = 4; lastKnownFileType = sourcecode.c.h; path = MetroLyrics.h; sourceTree = "<group>"; };
		C8CA1FCD14AF2A0C007E717D /* MetroLyrics.m */ = {isa = PBXFileReference; fileEncoding = 4; lastKnownFileType = sourcecode.c.objc; path = MetroLyrics.m; sourceTree = "<group>"; };
		C8D55CA615035A95008E1AA9 /* LyricsFetching.h */ = {isa = PBXFileReference; fileEncoding = 4; lastKnownFileType = sourcecode.c.h; name = LyricsFetching.h; path = ../../LyricsFetching.h; sourceTree = "<group>"; };
		C8D55CAB15035ABE008E1AA9 /* NSMutableString+LyricsFetching.h */ = {isa = PBXFileReference; fileEncoding = 4; lastKnownFileType = sourcecode.c.h; name = "NSMutableString+LyricsFetching.h"; path = "../../NSAdditions/NSMutableString+LyricsFetching.h"; sourceTree = "<group>"; };
		C8D55CAC15035ABE008E1AA9 /* NSMutableString+LyricsFetching.m */ = {isa = PBXFileReference; fileEncoding = 4; lastKnownFileType = sourcecode.c.objc; name = "NSMutableString+LyricsFetching.m"; path = "../../NSAdditions/NSMutableString+LyricsFetching.m"; sourceTree = "<group>"; };
		C8D55CAD15035ABE008E1AA9 /* NSString+NumericCharacterReference.h */ = {isa = PBXFileReference; fileEncoding = 4; lastKnownFileType = sourcecode.c.h; name = "NSString+NumericCharacterReference.h"; path = "../../NSAdditions/NSString+NumericCharacterReference.h"; sourceTree = "<group>"; };
		C8D55CAE15035ABE008E1AA9 /* NSString+NumericCharacterReference.m */ = {isa = PBXFileReference; fileEncoding = 4; lastKnownFileType = sourcecode.c.objc; name = "NSString+NumericCharacterReference.m"; path = "../../NSAdditions/NSString+NumericCharacterReference.m"; sourceTree = "<group>"; };
/* End PBXFileReference section */

/* Begin PBXFrameworksBuildPhase section */
		C8CA1FB114AF298D007E717D /* Frameworks */ = {
			isa = PBXFrameworksBuildPhase;
			buildActionMask = 2147483647;
			files = (
				C82D8B3014B0A6E6000C0E24 /* Foundation.framework in Frameworks */,
			);
			runOnlyForDeploymentPostprocessing = 0;
		};
/* End PBXFrameworksBuildPhase section */

/* Begin PBXGroup section */
		C8CA1FA914AF298D007E717D = {
			isa = PBXGroup;
			children = (
				C8CA1FB914AF298D007E717D /* MetroLyrics */,
				C8CA1FB614AF298D007E717D /* Frameworks */,
				C8CA1FB514AF298D007E717D /* Products */,
			);
			sourceTree = "<group>";
		};
		C8CA1FB514AF298D007E717D /* Products */ = {
			isa = PBXGroup;
			children = (
				C8CA1FB414AF298D007E717D /* MetroLyrics.bundle */,
			);
			name = Products;
			sourceTree = "<group>";
		};
		C8CA1FB614AF298D007E717D /* Frameworks */ = {
			isa = PBXGroup;
			children = (
				C82D8B2F14B0A6E6000C0E24 /* Foundation.framework */,
			);
			name = Frameworks;
			sourceTree = "<group>";
		};
		C8CA1FB914AF298D007E717D /* MetroLyrics */ = {
			isa = PBXGroup;
			children = (
				C8D55CA615035A95008E1AA9 /* LyricsFetching.h */,
				C8CA1FCC14AF2A0C007E717D /* MetroLyrics.h */,
				C8CA1FCD14AF2A0C007E717D /* MetroLyrics.m */,
				C8D55CAB15035ABE008E1AA9 /* NSMutableString+LyricsFetching.h */,
				C8D55CAC15035ABE008E1AA9 /* NSMutableString+LyricsFetching.m */,
				C8D55CAD15035ABE008E1AA9 /* NSString+NumericCharacterReference.h */,
				C8D55CAE15035ABE008E1AA9 /* NSString+NumericCharacterReference.m */,
				C8CA1FBA14AF298D007E717D /* Supporting Files */,
			);
			path = MetroLyrics;
			sourceTree = "<group>";
		};
		C8CA1FBA14AF298D007E717D /* Supporting Files */ = {
			isa = PBXGroup;
			children = (
				C8CA1FBB14AF298D007E717D /* MetroLyrics-Info.plist */,
				C8CA1FBC14AF298D007E717D /* InfoPlist.strings */,
				C8CA1FBF14AF298D007E717D /* MetroLyrics-Prefix.pch */,
			);
			name = "Supporting Files";
			sourceTree = "<group>";
		};
/* End PBXGroup section */

/* Begin PBXNativeTarget section */
		C8CA1FB314AF298D007E717D /* MetroLyrics */ = {
			isa = PBXNativeTarget;
			buildConfigurationList = C8CA1FC214AF298D007E717D /* Build configuration list for PBXNativeTarget "MetroLyrics" */;
			buildPhases = (
				C8CA1FB014AF298D007E717D /* Sources */,
				C8CA1FB114AF298D007E717D /* Frameworks */,
				C8CA1FB214AF298D007E717D /* Resources */,
			);
			buildRules = (
			);
			dependencies = (
			);
			name = MetroLyrics;
			productName = MetroLyrics;
			productReference = C8CA1FB414AF298D007E717D /* MetroLyrics.bundle */;
			productType = "com.apple.product-type.bundle";
		};
/* End PBXNativeTarget section */

/* Begin PBXProject section */
		C8CA1FAB14AF298D007E717D /* Project object */ = {
			isa = PBXProject;
			attributes = {
				LastUpgradeCheck = 0420;
				ORGANIZATIONNAME = "Toomas Vahter";
			};
			buildConfigurationList = C8CA1FAE14AF298D007E717D /* Build configuration list for PBXProject "MetroLyrics" */;
			compatibilityVersion = "Xcode 3.2";
			developmentRegion = English;
			hasScannedForEncodings = 0;
			knownRegions = (
				en,
			);
			mainGroup = C8CA1FA914AF298D007E717D;
			productRefGroup = C8CA1FB514AF298D007E717D /* Products */;
			projectDirPath = "";
			projectRoot = "";
			targets = (
				C8CA1FB314AF298D007E717D /* MetroLyrics */,
			);
		};
/* End PBXProject section */

/* Begin PBXResourcesBuildPhase section */
		C8CA1FB214AF298D007E717D /* Resources */ = {
			isa = PBXResourcesBuildPhase;
			buildActionMask = 2147483647;
			files = (
				C8CA1FBE14AF298D007E717D /* InfoPlist.strings in Resources */,
			);
			runOnlyForDeploymentPostprocessing = 0;
		};
/* End PBXResourcesBuildPhase section */

/* Begin PBXSourcesBuildPhase section */
		C8CA1FB014AF298D007E717D /* Sources */ = {
			isa = PBXSourcesBuildPhase;
			buildActionMask = 2147483647;
			files = (
				C8CA1FCE14AF2A0C007E717D /* MetroLyrics.m in Sources */,
				C8D55CAF15035ABE008E1AA9 /* NSMutableString+LyricsFetching.m in Sources */,
				C8D55CB015035ABE008E1AA9 /* NSString+NumericCharacterReference.m in Sources */,
			);
			runOnlyForDeploymentPostprocessing = 0;
		};
/* End PBXSourcesBuildPhase section */

/* Begin PBXVariantGroup section */
		C8CA1FBC14AF298D007E717D /* InfoPlist.strings */ = {
			isa = PBXVariantGroup;
			children = (
				C8CA1FBD14AF298D007E717D /* en */,
			);
			name = InfoPlist.strings;
			sourceTree = "<group>";
		};
/* End PBXVariantGroup section */

/* Begin XCBuildConfiguration section */
		C8CA1FC014AF298D007E717D /* Debug */ = {
			isa = XCBuildConfiguration;
			buildSettings = {
				ALWAYS_SEARCH_USER_PATHS = NO;
				ARCHS = "$(ARCHS_STANDARD_64_BIT)";
				CLANG_ENABLE_OBJC_ARC = YES;
				COPY_PHASE_STRIP = NO;
				GCC_C_LANGUAGE_STANDARD = gnu99;
				GCC_DYNAMIC_NO_PIC = NO;
				GCC_ENABLE_OBJC_EXCEPTIONS = YES;
				GCC_OPTIMIZATION_LEVEL = 0;
				GCC_PREPROCESSOR_DEFINITIONS = (
					"DEBUG=1",
					"$(inherited)",
				);
				GCC_SYMBOLS_PRIVATE_EXTERN = NO;
				GCC_VERSION = com.apple.compilers.llvm.clang.1_0;
				GCC_WARN_64_TO_32_BIT_CONVERSION = YES;
				GCC_WARN_ABOUT_MISSING_PROTOTYPES = YES;
				GCC_WARN_ABOUT_RETURN_TYPE = YES;
				GCC_WARN_UNUSED_VARIABLE = YES;
				MACOSX_DEPLOYMENT_TARGET = 10.7;
				ONLY_ACTIVE_ARCH = YES;
				SDKROOT = macosx;
			};
			name = Debug;
		};
		C8CA1FC114AF298D007E717D /* Release */ = {
			isa = XCBuildConfiguration;
			buildSettings = {
				ALWAYS_SEARCH_USER_PATHS = NO;
				ARCHS = "$(ARCHS_STANDARD_64_BIT)";
				CLANG_ENABLE_OBJC_ARC = YES;
				COPY_PHASE_STRIP = YES;
				DEBUG_INFORMATION_FORMAT = "dwarf-with-dsym";
				GCC_C_LANGUAGE_STANDARD = gnu99;
				GCC_ENABLE_OBJC_EXCEPTIONS = YES;
				GCC_VERSION = com.apple.compilers.llvm.clang.1_0;
				GCC_WARN_64_TO_32_BIT_CONVERSION = YES;
				GCC_WARN_ABOUT_MISSING_PROTOTYPES = YES;
				GCC_WARN_ABOUT_RETURN_TYPE = YES;
				GCC_WARN_UNUSED_VARIABLE = YES;
				MACOSX_DEPLOYMENT_TARGET = 10.7;
				SDKROOT = macosx;
			};
			name = Release;
		};
		C8CA1FC314AF298D007E717D /* Debug */ = {
			isa = XCBuildConfiguration;
			buildSettings = {
				GCC_PRECOMPILE_PREFIX_HEADER = YES;
				GCC_PREFIX_HEADER = "MetroLyrics/MetroLyrics-Prefix.pch";
				INFOPLIST_FILE = "MetroLyrics/MetroLyrics-Info.plist";
				INSTALL_PATH = "$(LOCAL_LIBRARY_DIR)/Bundles";
				PRODUCT_NAME = "$(TARGET_NAME)";
				WRAPPER_EXTENSION = bundle;
			};
			name = Debug;
		};
		C8CA1FC414AF298D007E717D /* Release */ = {
			isa = XCBuildConfiguration;
			buildSettings = {
				GCC_PRECOMPILE_PREFIX_HEADER = YES;
				GCC_PREFIX_HEADER = "MetroLyrics/MetroLyrics-Prefix.pch";
				INFOPLIST_FILE = "MetroLyrics/MetroLyrics-Info.plist";
				INSTALL_PATH = "$(LOCAL_LIBRARY_DIR)/Bundles";
				PRODUCT_NAME = "$(TARGET_NAME)";
				WRAPPER_EXTENSION = bundle;
			};
			name = Release;
		};
/* End XCBuildConfiguration section */

/* Begin XCConfigurationList section */
		C8CA1FAE14AF298D007E717D /* Build configuration list for PBXProject "MetroLyrics" */ = {
			isa = XCConfigurationList;
			buildConfigurations = (
				C8CA1FC014AF298D007E717D /* Debug */,
				C8CA1FC114AF298D007E717D /* Release */,
			);
			defaultConfigurationIsVisible = 0;
			defaultConfigurationName = Release;
		};
		C8CA1FC214AF298D007E717D /* Build configuration list for PBXNativeTarget "MetroLyrics" */ = {
			isa = XCConfigurationList;
			buildConfigurations = (
				C8CA1FC314AF298D007E717D /* Debug */,
				C8CA1FC414AF298D007E717D /* Release */,
			);
			defaultConfigurationIsVisible = 0;
			defaultConfigurationName = Release;
		};
/* End XCConfigurationList section */
	};
	rootObject = C8CA1FAB14AF298D007E717D /* Project object */;
}
